
Microsoft Visual Studio Solution File, Format Version 12.00
# Visual Studio Version 17
VisualStudioVersion = 17.8.34330.188
MinimumVisualStudioVersion = 10.0.40219.1
Project("{9A19103F-16F7-4668-BE54-9A1E7A4F7556}") = "MindMuse.AspNetCore", "MindMuse.AspNetCore.csproj", "{89589DA2-DAD6-440D-846A-92592820CAD4}"
EndProject
Project("{9A19103F-16F7-4668-BE54-9A1E7A4F7556}") = "MindMuse.Application", "..\MindMuse.Application\MindMuse.Application.csproj", "{400FFB25-C8AD-487F-B4E1-D551ED1786A2}"
EndProject
Project("{9A19103F-16F7-4668-BE54-9A1E7A4F7556}") = "MindMuse.Application.Contracts", "..\MindMuse.Application.Contracts\MindMuse.Application.Contracts.csproj", "{7EFDE42E-4DFB-4D78-92BC-9BEBC0245B48}"
EndProject
Project("{9A19103F-16F7-4668-BE54-9A1E7A4F7556}") = "MindMuse.Data", "..\MindMuse.Data\MindMuse.Data.csproj", "{9AED1742-2950-456A-8922-58ABCB4F7442}"
EndProject
Project("{9A19103F-16F7-4668-BE54-9A1E7A4F7556}") = "MindMuse.Data.Contracts", "..\MindMuse.Data.Contracts\MindMuse.Data.Contracts.csproj", "{FE0E1628-FA6D-431E-AA73-2A5FD397DAF9}"
EndProject
Project("{FAE04EC0-301F-11D3-BF4B-00C04F79EFBC}") = "MindMuse.Http", "..\MindMuse.Http\MindMuse.Http.csproj", "{CA08D2C2-8CC1-46A0-BE6B-128B4186D96A}"
EndProject
Project("{FAE04EC0-301F-11D3-BF4B-00C04F79EFBC}") = "MindMuse.Http.Contracts", "..\MindMuse.Http.Contracts\MindMuse.Http.Contracts.csproj", "{8A8A67BA-D671-4C70-83B7-1681239AB828}"
EndProject
Global
	GlobalSection(SolutionConfigurationPlatforms) = preSolution
		Debug|Any CPU = Debug|Any CPU
		Release|Any CPU = Release|Any CPU
	EndGlobalSection
	GlobalSection(ProjectConfigurationPlatforms) = postSolution
		{89589DA2-DAD6-440D-846A-92592820CAD4}.Debug|Any CPU.ActiveCfg = Debug|Any CPU
		{89589DA2-DAD6-440D-846A-92592820CAD4}.Debug|Any CPU.Build.0 = Debug|Any CPU
		{89589DA2-DAD6-440D-846A-92592820CAD4}.Release|Any CPU.ActiveCfg = Release|Any CPU
		{89589DA2-DAD6-440D-846A-92592820CAD4}.Release|Any CPU.Build.0 = Release|Any CPU
		{400FFB25-C8AD-487F-B4E1-D551ED1786A2}.Debug|Any CPU.ActiveCfg = Debug|Any CPU
		{400FFB25-C8AD-487F-B4E1-D551ED1786A2}.Debug|Any CPU.Build.0 = Debug|Any CPU
		{400FFB25-C8AD-487F-B4E1-D551ED1786A2}.Release|Any CPU.ActiveCfg = Release|Any CPU
		{400FFB25-C8AD-487F-B4E1-D551ED1786A2}.Release|Any CPU.Build.0 = Release|Any CPU
		{7EFDE42E-4DFB-4D78-92BC-9BEBC0245B48}.Debug|Any CPU.ActiveCfg = Debug|Any CPU
		{7EFDE42E-4DFB-4D78-92BC-9BEBC0245B48}.Debug|Any CPU.Build.0 = Debug|Any CPU
		{7EFDE42E-4DFB-4D78-92BC-9BEBC0245B48}.Release|Any CPU.ActiveCfg = Release|Any CPU
		{7EFDE42E-4DFB-4D78-92BC-9BEBC0245B48}.Release|Any CPU.Build.0 = Release|Any CPU
		{9AED1742-2950-456A-8922-58ABCB4F7442}.Debug|Any CPU.ActiveCfg = Debug|Any CPU
		{9AED1742-2950-456A-8922-58ABCB4F7442}.Debug|Any CPU.Build.0 = Debug|Any CPU
		{9AED1742-2950-456A-8922-58ABCB4F7442}.Release|Any CPU.ActiveCfg = Release|Any CPU
		{9AED1742-2950-456A-8922-58ABCB4F7442}.Release|Any CPU.Build.0 = Release|Any CPU
		{FE0E1628-FA6D-431E-AA73-2A5FD397DAF9}.Debug|Any CPU.ActiveCfg = Debug|Any CPU
		{FE0E1628-FA6D-431E-AA73-2A5FD397DAF9}.Debug|Any CPU.Build.0 = Debug|Any CPU
		{FE0E1628-FA6D-431E-AA73-2A5FD397DAF9}.Release|Any CPU.ActiveCfg = Release|Any CPU
		{FE0E1628-FA6D-431E-AA73-2A5FD397DAF9}.Release|Any CPU.Build.0 = Release|Any CPU
		{CA08D2C2-8CC1-46A0-BE6B-128B4186D96A}.Debug|Any CPU.ActiveCfg = Debug|Any CPU
		{CA08D2C2-8CC1-46A0-BE6B-128B4186D96A}.Debug|Any CPU.Build.0 = Debug|Any CPU
		{CA08D2C2-8CC1-46A0-BE6B-128B4186D96A}.Release|Any CPU.ActiveCfg = Release|Any CPU
		{CA08D2C2-8CC1-46A0-BE6B-128B4186D96A}.Release|Any CPU.Build.0 = Release|Any CPU
		{8A8A67BA-D671-4C70-83B7-1681239AB828}.Debug|Any CPU.ActiveCfg = Debug|Any CPU
		{8A8A67BA-D671-4C70-83B7-1681239AB828}.Debug|Any CPU.Build.0 = Debug|Any CPU
		{8A8A67BA-D671-4C70-83B7-1681239AB828}.Release|Any CPU.ActiveCfg = Release|Any CPU
		{8A8A67BA-D671-4C70-83B7-1681239AB828}.Release|Any CPU.Build.0 = Release|Any CPU
	EndGlobalSection
	GlobalSection(SolutionProperties) = preSolution
		HideSolutionNode = FALSE
	EndGlobalSection
	GlobalSection(ExtensibilityGlobals) = postSolution
		SolutionGuid = {16652BD0-D697-4D3A-A4B3-833BFF0AE24C}
	EndGlobalSection
EndGlobal
